
Microsoft Visual Studio Solution File, Format Version 12.00
# Visual Studio Version 16
VisualStudioVersion = 16.0.30717.126
MinimumVisualStudioVersion = 10.0.40219.1
Project("{FAE04EC0-301F-11D3-BF4B-00C04F79EFBC}") = "ItunesSearch", "ItunesSearch.csproj", "{914C0FF6-4B70-4B22-BE3F-00E2B68C4718}"
EndProject
Global
	GlobalSection(SolutionConfigurationPlatforms) = preSolution
		Debug|Any CPU = Debug|Any CPU
		Release|Any CPU = Release|Any CPU
	EndGlobalSection
	GlobalSection(ProjectConfigurationPlatforms) = postSolution
		{914C0FF6-4B70-4B22-BE3F-00E2B68C4718}.Debug|Any CPU.ActiveCfg = Debug|Any CPU
		{914C0FF6-4B70-4B22-BE3F-00E2B68C4718}.Debug|Any CPU.Build.0 = Debug|Any CPU
		{914C0FF6-4B70-4B22-BE3F-00E2B68C4718}.Release|Any CPU.ActiveCfg = Release|Any CPU
		{914C0FF6-4B70-4B22-BE3F-00E2B68C4718}.Release|Any CPU.Build.0 = Release|Any CPU
	EndGlobalSection
	GlobalSection(SolutionProperties) = preSolution
		HideSolutionNode = FALSE
	EndGlobalSection
	GlobalSection(ExtensibilityGlobals) = postSolution
		SolutionGuid = {2EC2F877-98EC-474A-9698-ACF5A61C91EC}
	EndGlobalSection
EndGlobal
